
Microsoft Visual Studio Solution File, Format Version 12.00
# Visual Studio 15
VisualStudioVersion = 15.0.27703.2000
MinimumVisualStudioVersion = 10.0.40219.1
Project("{FAE04EC0-301F-11D3-BF4B-00C04F79EFBC}") = "Xamarin3d.Android", "Xamarin3d\Xamarin3d.Android\Xamarin3d.Android.csproj", "{ECF8F207-6FCB-4632-B825-855AFA73A31D}"
EndProject
Project("{FAE04EC0-301F-11D3-BF4B-00C04F79EFBC}") = "Xamarin3d.iOS", "Xamarin3d\Xamarin3d.iOS\Xamarin3d.iOS.csproj", "{BB774F5E-AE49-4813-A202-04334C088940}"
EndProject
Project("{FAE04EC0-301F-11D3-BF4B-00C04F79EFBC}") = "Xamarin3d", "Xamarin3d\Xamarin3d\Xamarin3d.csproj", "{68D137BB-0E97-4BDD-85EB-D6E885BEC49A}"
EndProject
Global
	GlobalSection(SolutionConfigurationPlatforms) = preSolution
		Ad-Hoc|Any CPU = Ad-Hoc|Any CPU
		Ad-Hoc|iPhone = Ad-Hoc|iPhone
		Ad-Hoc|iPhoneSimulator = Ad-Hoc|iPhoneSimulator
		AppStore|Any CPU = AppStore|Any CPU
		AppStore|iPhone = AppStore|iPhone
		AppStore|iPhoneSimulator = AppStore|iPhoneSimulator
		Debug|Any CPU = Debug|Any CPU
		Debug|iPhone = Debug|iPhone
		Debug|iPhoneSimulator = Debug|iPhoneSimulator
		Release|Any CPU = Release|Any CPU
		Release|iPhone = Release|iPhone
		Release|iPhoneSimulator = Release|iPhoneSimulator
	EndGlobalSection
	GlobalSection(ProjectConfigurationPlatforms) = postSolution
		{ECF8F207-6FCB-4632-B825-855AFA73A31D}.Ad-Hoc|Any CPU.ActiveCfg = Release|Any CPU
		{ECF8F207-6FCB-4632-B825-855AFA73A31D}.Ad-Hoc|Any CPU.Build.0 = Release|Any CPU
		{ECF8F207-6FCB-4632-B825-855AFA73A31D}.Ad-Hoc|Any CPU.Deploy.0 = Release|Any CPU
		{ECF8F207-6FCB-4632-B825-855AFA73A31D}.Ad-Hoc|iPhone.ActiveCfg = Release|Any CPU
		{ECF8F207-6FCB-4632-B825-855AFA73A31D}.Ad-Hoc|iPhone.Build.0 = Release|Any CPU
		{ECF8F207-6FCB-4632-B825-855AFA73A31D}.Ad-Hoc|iPhone.Deploy.0 = Release|Any CPU
		{ECF8F207-6FCB-4632-B825-855AFA73A31D}.Ad-Hoc|iPhoneSimulator.ActiveCfg = Release|Any CPU
		{ECF8F207-6FCB-4632-B825-855AFA73A31D}.Ad-Hoc|iPhoneSimulator.Build.0 = Release|Any CPU
		{ECF8F207-6FCB-4632-B825-855AFA73A31D}.Ad-Hoc|iPhoneSimulator.Deploy.0 = Release|Any CPU
		{ECF8F207-6FCB-4632-B825-855AFA73A31D}.AppStore|Any CPU.ActiveCfg = Release|Any CPU
		{ECF8F207-6FCB-4632-B825-855AFA73A31D}.AppStore|Any CPU.Build.0 = Release|Any CPU
		{ECF8F207-6FCB-4632-B825-855AFA73A31D}.AppStore|Any CPU.Deploy.0 = Release|Any CPU
		{ECF8F207-6FCB-4632-B825-855AFA73A31D}.AppStore|iPhone.ActiveCfg = Release|Any CPU
		{ECF8F207-6FCB-4632-B825-855AFA73A31D}.AppStore|iPhone.Build.0 = Release|Any CPU
		{ECF8F207-6FCB-4632-B825-855AFA73A31D}.AppStore|iPhone.Deploy.0 = Release|Any CPU
		{ECF8F207-6FCB-4632-B825-855AFA73A31D}.AppStore|iPhoneSimulator.ActiveCfg = Release|Any CPU
		{ECF8F207-6FCB-4632-B825-855AFA73A31D}.AppStore|iPhoneSimulator.Build.0 = Release|Any CPU
		{ECF8F207-6FCB-4632-B825-855AFA73A31D}.AppStore|iPhoneSimulator.Deploy.0 = Release|Any CPU
		{ECF8F207-6FCB-4632-B825-855AFA73A31D}.Debug|Any CPU.ActiveCfg = Debug|Any CPU
		{ECF8F207-6FCB-4632-B825-855AFA73A31D}.Debug|Any CPU.Build.0 = Debug|Any CPU
		{ECF8F207-6FCB-4632-B825-855AFA73A31D}.Debug|Any CPU.Deploy.0 = Debug|Any CPU
		{ECF8F207-6FCB-4632-B825-855AFA73A31D}.Debug|iPhone.ActiveCfg = Debug|Any CPU
		{ECF8F207-6FCB-4632-B825-855AFA73A31D}.Debug|iPhone.Build.0 = Debug|Any CPU
		{ECF8F207-6FCB-4632-B825-855AFA73A31D}.Debug|iPhone.Deploy.0 = Debug|Any CPU
		{ECF8F207-6FCB-4632-B825-855AFA73A31D}.Debug|iPhoneSimulator.ActiveCfg = Debug|Any CPU
		{ECF8F207-6FCB-4632-B825-855AFA73A31D}.Debug|iPhoneSimulator.Build.0 = Debug|Any CPU
		{ECF8F207-6FCB-4632-B825-855AFA73A31D}.Debug|iPhoneSimulator.Deploy.0 = Debug|Any CPU
		{ECF8F207-6FCB-4632-B825-855AFA73A31D}.Release|Any CPU.ActiveCfg = Release|Any CPU
		{ECF8F207-6FCB-4632-B825-855AFA73A31D}.Release|Any CPU.Build.0 = Release|Any CPU
		{ECF8F207-6FCB-4632-B825-855AFA73A31D}.Release|Any CPU.Deploy.0 = Release|Any CPU
		{ECF8F207-6FCB-4632-B825-855AFA73A31D}.Release|iPhone.ActiveCfg = Release|Any CPU
		{ECF8F207-6FCB-4632-B825-855AFA73A31D}.Release|iPhone.Build.0 = Release|Any CPU
		{ECF8F207-6FCB-4632-B825-855AFA73A31D}.Release|iPhone.Deploy.0 = Release|Any CPU
		{ECF8F207-6FCB-4632-B825-855AFA73A31D}.Release|iPhoneSimulator.ActiveCfg = Release|Any CPU
		{ECF8F207-6FCB-4632-B825-855AFA73A31D}.Release|iPhoneSimulator.Build.0 = Release|Any CPU
		{ECF8F207-6FCB-4632-B825-855AFA73A31D}.Release|iPhoneSimulator.Deploy.0 = Release|Any CPU
		{BB774F5E-AE49-4813-A202-04334C088940}.Ad-Hoc|Any CPU.ActiveCfg = Ad-Hoc|iPhone
		{BB774F5E-AE49-4813-A202-04334C088940}.Ad-Hoc|Any CPU.Build.0 = Ad-Hoc|iPhone
		{BB774F5E-AE49-4813-A202-04334C088940}.Ad-Hoc|Any CPU.Deploy.0 = Ad-Hoc|iPhone
		{BB774F5E-AE49-4813-A202-04334C088940}.Ad-Hoc|iPhone.ActiveCfg = Ad-Hoc|iPhone
		{BB774F5E-AE49-4813-A202-04334C088940}.Ad-Hoc|iPhone.Build.0 = Ad-Hoc|iPhone
		{BB774F5E-AE49-4813-A202-04334C088940}.Ad-Hoc|iPhone.Deploy.0 = Ad-Hoc|iPhone
		{BB774F5E-AE49-4813-A202-04334C088940}.Ad-Hoc|iPhoneSimulator.ActiveCfg = Ad-Hoc|iPhoneSimulator
		{BB774F5E-AE49-4813-A202-04334C088940}.Ad-Hoc|iPhoneSimulator.Build.0 = Ad-Hoc|iPhoneSimulator
		{BB774F5E-AE49-4813-A202-04334C088940}.Ad-Hoc|iPhoneSimulator.Deploy.0 = Ad-Hoc|iPhoneSimulator
		{BB774F5E-AE49-4813-A202-04334C088940}.AppStore|Any CPU.ActiveCfg = AppStore|iPhone
		{BB774F5E-AE49-4813-A202-04334C088940}.AppStore|Any CPU.Build.0 = AppStore|iPhone
		{BB774F5E-AE49-4813-A202-04334C088940}.AppStore|Any CPU.Deploy.0 = AppStore|iPhone
		{BB774F5E-AE49-4813-A202-04334C088940}.AppStore|iPhone.ActiveCfg = AppStore|iPhone
		{BB774F5E-AE49-4813-A202-04334C088940}.AppStore|iPhone.Build.0 = AppStore|iPhone
		{BB774F5E-AE49-4813-A202-04334C088940}.AppStore|iPhone.Deploy.0 = AppStore|iPhone
		{BB774F5E-AE49-4813-A202-04334C088940}.AppStore|iPhoneSimulator.ActiveCfg = AppStore|iPhoneSimulator
		{BB774F5E-AE49-4813-A202-04334C088940}.AppStore|iPhoneSimulator.Build.0 = AppStore|iPhoneSimulator
		{BB774F5E-AE49-4813-A202-04334C088940}.AppStore|iPhoneSimulator.Deploy.0 = AppStore|iPhoneSimulator
		{BB774F5E-AE49-4813-A202-04334C088940}.Debug|Any CPU.ActiveCfg = Debug|iPhoneSimulator
		{BB774F5E-AE49-4813-A202-04334C088940}.Debug|Any CPU.Build.0 = Debug|iPhoneSimulator
		{BB774F5E-AE49-4813-A202-04334C088940}.Debug|Any CPU.Deploy.0 = Debug|iPhoneSimulator
		{BB774F5E-AE49-4813-A202-04334C088940}.Debug|iPhone.ActiveCfg = Debug|iPhone
		{BB774F5E-AE49-4813-A202-04334C088940}.Debug|iPhone.Build.0 = Debug|iPhone
		{BB774F5E-AE49-4813-A202-04334C088940}.Debug|iPhone.Deploy.0 = Debug|iPhone
		{BB774F5E-AE49-4813-A202-04334C088940}.Debug|iPhoneSimulator.ActiveCfg = Debug|iPhoneSimulator
		{BB774F5E-AE49-4813-A202-04334C088940}.Debug|iPhoneSimulator.Build.0 = Debug|iPhoneSimulator
		{BB774F5E-AE49-4813-A202-04334C088940}.Debug|iPhoneSimulator.Deploy.0 = Debug|iPhoneSimulator
		{BB774F5E-AE49-4813-A202-04334C088940}.Release|Any CPU.ActiveCfg = Release|iPhone
		{BB774F5E-AE49-4813-A202-04334C088940}.Release|Any CPU.Build.0 = Release|iPhone
		{BB774F5E-AE49-4813-A202-04334C088940}.Release|Any CPU.Deploy.0 = Release|iPhone
		{BB774F5E-AE49-4813-A202-04334C088940}.Release|iPhone.ActiveCfg = Release|iPhone
		{BB774F5E-AE49-4813-A202-04334C088940}.Release|iPhone.Build.0 = Release|iPhone
		{BB774F5E-AE49-4813-A202-04334C088940}.Release|iPhone.Deploy.0 = Release|iPhone
		{BB774F5E-AE49-4813-A202-04334C088940}.Release|iPhoneSimulator.ActiveCfg = Release|iPhoneSimulator
		{BB774F5E-AE49-4813-A202-04334C088940}.Release|iPhoneSimulator.Build.0 = Release|iPhoneSimulator
		{BB774F5E-AE49-4813-A202-04334C088940}.Release|iPhoneSimulator.Deploy.0 = Release|iPhoneSimulator
		{68D137BB-0E97-4BDD-85EB-D6E885BEC49A}.Ad-Hoc|Any CPU.ActiveCfg = Debug|Any CPU
		{68D137BB-0E97-4BDD-85EB-D6E885BEC49A}.Ad-Hoc|Any CPU.Build.0 = Debug|Any CPU
		{68D137BB-0E97-4BDD-85EB-D6E885BEC49A}.Ad-Hoc|Any CPU.Deploy.0 = Debug|Any CPU
		{68D137BB-0E97-4BDD-85EB-D6E885BEC49A}.Ad-Hoc|iPhone.ActiveCfg = Debug|Any CPU
		{68D137BB-0E97-4BDD-85EB-D6E885BEC49A}.Ad-Hoc|iPhone.Build.0 = Debug|Any CPU
		{68D137BB-0E97-4BDD-85EB-D6E885BEC49A}.Ad-Hoc|iPhone.Deploy.0 = Debug|Any CPU
		{68D137BB-0E97-4BDD-85EB-D6E885BEC49A}.Ad-Hoc|iPhoneSimulator.ActiveCfg = Debug|Any CPU
		{68D137BB-0E97-4BDD-85EB-D6E885BEC49A}.Ad-Hoc|iPhoneSimulator.Build.0 = Debug|Any CPU
		{68D137BB-0E97-4BDD-85EB-D6E885BEC49A}.Ad-Hoc|iPhoneSimulator.Deploy.0 = Debug|Any CPU
		{68D137BB-0E97-4BDD-85EB-D6E885BEC49A}.AppStore|Any CPU.ActiveCfg = Debug|Any CPU
		{68D137BB-0E97-4BDD-85EB-D6E885BEC49A}.AppStore|Any CPU.Build.0 = Debug|Any CPU
		{68D137BB-0E97-4BDD-85EB-D6E885BEC49A}.AppStore|Any CPU.Deploy.0 = Debug|Any CPU
		{68D137BB-0E97-4BDD-85EB-D6E885BEC49A}.AppStore|iPhone.ActiveCfg = Debug|Any CPU
		{68D137BB-0E97-4BDD-85EB-D6E885BEC49A}.AppStore|iPhone.Build.0 = Debug|Any CPU
		{68D137BB-0E97-4BDD-85EB-D6E885BEC49A}.AppStore|iPhone.Deploy.0 = Debug|Any CPU
		{68D137BB-0E97-4BDD-85EB-D6E885BEC49A}.AppStore|iPhoneSimulator.ActiveCfg = Debug|Any CPU
		{68D137BB-0E97-4BDD-85EB-D6E885BEC49A}.AppStore|iPhoneSimulator.Build.0 = Debug|Any CPU
		{68D137BB-0E97-4BDD-85EB-D6E885BEC49A}.AppStore|iPhoneSimulator.Deploy.0 = Debug|Any CPU
		{68D137BB-0E97-4BDD-85EB-D6E885BEC49A}.Debug|Any CPU.ActiveCfg = Debug|Any CPU
		{68D137BB-0E97-4BDD-85EB-D6E885BEC49A}.Debug|Any CPU.Build.0 = Debug|Any CPU
		{68D137BB-0E97-4BDD-85EB-D6E885BEC49A}.Debug|Any CPU.Deploy.0 = Debug|Any CPU
		{68D137BB-0E97-4BDD-85EB-D6E885BEC49A}.Debug|iPhone.ActiveCfg = Debug|Any CPU
		{68D137BB-0E97-4BDD-85EB-D6E885BEC49A}.Debug|iPhone.Build.0 = Debug|Any CPU
		{68D137BB-0E97-4BDD-85EB-D6E885BEC49A}.Debug|iPhone.Deploy.0 = Debug|Any CPU
		{68D137BB-0E97-4BDD-85EB-D6E885BEC49A}.Debug|iPhoneSimulator.ActiveCfg = Debug|Any CPU
		{68D137BB-0E97-4BDD-85EB-D6E885BEC49A}.Debug|iPhoneSimulator.Build.0 = Debug|Any CPU
		{68D137BB-0E97-4BDD-85EB-D6E885BEC49A}.Debug|iPhoneSimulator.Deploy.0 = Debug|Any CPU
		{68D137BB-0E97-4BDD-85EB-D6E885BEC49A}.Release|Any CPU.ActiveCfg = Release|Any CPU
		{68D137BB-0E97-4BDD-85EB-D6E885BEC49A}.Release|Any CPU.Build.0 = Release|Any CPU
		{68D137BB-0E97-4BDD-85EB-D6E885BEC49A}.Release|Any CPU.Deploy.0 = Release|Any CPU
		{68D137BB-0E97-4BDD-85EB-D6E885BEC49A}.Release|iPhone.ActiveCfg = Release|Any CPU
		{68D137BB-0E97-4BDD-85EB-D6E885BEC49A}.Release|iPhone.Build.0 = Release|Any CPU
		{68D137BB-0E97-4BDD-85EB-D6E885BEC49A}.Release|iPhone.Deploy.0 = Release|Any CPU
		{68D137BB-0E97-4BDD-85EB-D6E885BEC49A}.Release|iPhoneSimulator.ActiveCfg = Release|Any CPU
		{68D137BB-0E97-4BDD-85EB-D6E885BEC49A}.Release|iPhoneSimulator.Build.0 = Release|Any CPU
		{68D137BB-0E97-4BDD-85EB-D6E885BEC49A}.Release|iPhoneSimulator.Deploy.0 = Release|Any CPU
	EndGlobalSection
	GlobalSection(SolutionProperties) = preSolution
		HideSolutionNode = FALSE
	EndGlobalSection
	GlobalSection(ExtensibilityGlobals) = postSolution
		SolutionGuid = {DEA3E489-BCAC-4BC5-94C0-7B82721CE3D4}
	EndGlobalSection
EndGlobal
